
Microsoft Visual Studio Solution File, Format Version 12.00
# Visual Studio Version 17
VisualStudioVersion = 17.5.002.0
MinimumVisualStudioVersion = 10.0.40219.1
Project("{9A19103F-16F7-4668-BE54-9A1E7A4F7556}") = "SlutprojektAstroids", "SlutprojektAstroids.csproj", "{ED3FB71E-FB51-4968-9646-034D23A483F5}"
EndProject
Global
	GlobalSection(SolutionConfigurationPlatforms) = preSolution
		Debug|Any CPU = Debug|Any CPU
		Release|Any CPU = Release|Any CPU
	EndGlobalSection
	GlobalSection(ProjectConfigurationPlatforms) = postSolution
		{ED3FB71E-FB51-4968-9646-034D23A483F5}.Debug|Any CPU.ActiveCfg = Debug|Any CPU
		{ED3FB71E-FB51-4968-9646-034D23A483F5}.Debug|Any CPU.Build.0 = Debug|Any CPU
		{ED3FB71E-FB51-4968-9646-034D23A483F5}.Release|Any CPU.ActiveCfg = Release|Any CPU
		{ED3FB71E-FB51-4968-9646-034D23A483F5}.Release|Any CPU.Build.0 = Release|Any CPU
	EndGlobalSection
	GlobalSection(SolutionProperties) = preSolution
		HideSolutionNode = FALSE
	EndGlobalSection
	GlobalSection(ExtensibilityGlobals) = postSolution
		SolutionGuid = {8757BBAC-6231-44C0-8241-E067F608D3DD}
	EndGlobalSection
EndGlobal
